
Microsoft Visual Studio Solution File, Format Version 12.00
# Visual Studio Version 16
VisualStudioVersion = 16.0.31702.278
MinimumVisualStudioVersion = 10.0.40219.1
Project("{FAE04EC0-301F-11D3-BF4B-00C04F79EFBC}") = "Chat3ispDanArt", "Chat3ispDanArt.csproj", "{CC414235-EFBE-4586-ACF7-630552D216F0}"
EndProject
Global
	GlobalSection(SolutionConfigurationPlatforms) = preSolution
		Debug|Any CPU = Debug|Any CPU
		Release|Any CPU = Release|Any CPU
	EndGlobalSection
	GlobalSection(ProjectConfigurationPlatforms) = postSolution
		{CC414235-EFBE-4586-ACF7-630552D216F0}.Debug|Any CPU.ActiveCfg = Debug|Any CPU
		{CC414235-EFBE-4586-ACF7-630552D216F0}.Debug|Any CPU.Build.0 = Debug|Any CPU
		{CC414235-EFBE-4586-ACF7-630552D216F0}.Release|Any CPU.ActiveCfg = Release|Any CPU
		{CC414235-EFBE-4586-ACF7-630552D216F0}.Release|Any CPU.Build.0 = Release|Any CPU
	EndGlobalSection
	GlobalSection(SolutionProperties) = preSolution
		HideSolutionNode = FALSE
	EndGlobalSection
	GlobalSection(ExtensibilityGlobals) = postSolution
		SolutionGuid = {352F80B5-2EA4-4CA6-BC61-892F97CFA770}
	EndGlobalSection
EndGlobal
